{
    "name": "frhd",
    "version": "0.0.3",
    "lockfileVersion": 2,
    "requires": true,
    "packages": {
        "": {
            "name": "frhd",
            "version": "0.0.3",
            "license": "GNU General Public License v3.0-or-later",
            "bin": {
                "frhd": "bin/bootstrap.js"
            }
        }
    }
}
